# This file is automatically @generated by Cargo.
# It is not intended for manual editing.
[[package]]
name = "blog"
version = "0.1.0"

[[package]]
name = "ch16-1-threads"
version = "0.1.0"

[[package]]
name = "ch16-2-messages"
version = "0.1.0"

[[package]]
name = "ch16-3-mutex"
version = "0.1.0"

[[package]]
name = "ch17-2"
version = "0.1.0"

[[package]]
name = "ch17-3"
version = "0.1.0"
dependencies = [
 "blog 0.1.0",
]

[[package]]
name = "ch18-1"
version = "0.1.0"

[[package]]
name = "ch18-2"
version = "0.1.0"

[[package]]
name = "ch18-3"
version = "0.1.0"

[[package]]
name = "ch19-1"
version = "0.1.0"

[[package]]
name = "chapter15-4"
version = "0.1.0"

[[package]]
name = "chapter15-5"
version = "0.1.0"

[[package]]
name = "chapter15-6"
version = "0.1.0"

[[package]]
name = "custom-smart-ptr"
version = "0.1.0"

[[package]]
name = "smart-ptrs"
version = "0.1.0"

